
Microsoft Visual Studio Solution File, Format Version 12.00
# Visual Studio Version 17
VisualStudioVersion = 17.14.36623.8
MinimumVisualStudioVersion = 10.0.40219.1
Project("{FAE04EC0-301F-11D3-BF4B-00C04F79EFBC}") = "ResumeBuilder.web", "ResumeBuilder.web\ResumeBuilder.web.csproj", "{681F0A38-904B-40C4-BF59-402A1677F41A}"
EndProject
Project("{FAE04EC0-301F-11D3-BF4B-00C04F79EFBC}") = "ResumeBuilder.Services", "ResumeBuilder.Services\ResumeBuilder.Services.csproj", "{F04E3395-B864-03E1-EEB5-01D79C231782}"
EndProject
Project("{FAE04EC0-301F-11D3-BF4B-00C04F79EFBC}") = "ResumeBuilder.Data", "ResumeBuilder.Data\ResumeBuilder.Data.csproj", "{FAD9FEAE-2983-FAEC-E98C-A863D8EC82E6}"
EndProject
Project("{FAE04EC0-301F-11D3-BF4B-00C04F79EFBC}") = "ResumeBuilder.Core", "ResumeBuilder.Core\ResumeBuilder.Core.csproj", "{45C48CBF-F322-8EB6-2C59-CAE1E7F82FC4}"
EndProject
Global
	GlobalSection(SolutionConfigurationPlatforms) = preSolution
		Debug|Any CPU = Debug|Any CPU
		Release|Any CPU = Release|Any CPU
	EndGlobalSection
	GlobalSection(ProjectConfigurationPlatforms) = postSolution
		{681F0A38-904B-40C4-BF59-402A1677F41A}.Debug|Any CPU.ActiveCfg = Debug|Any CPU
		{681F0A38-904B-40C4-BF59-402A1677F41A}.Debug|Any CPU.Build.0 = Debug|Any CPU
		{681F0A38-904B-40C4-BF59-402A1677F41A}.Release|Any CPU.ActiveCfg = Release|Any CPU
		{681F0A38-904B-40C4-BF59-402A1677F41A}.Release|Any CPU.Build.0 = Release|Any CPU
		{F04E3395-B864-03E1-EEB5-01D79C231782}.Debug|Any CPU.ActiveCfg = Debug|Any CPU
		{F04E3395-B864-03E1-EEB5-01D79C231782}.Debug|Any CPU.Build.0 = Debug|Any CPU
		{F04E3395-B864-03E1-EEB5-01D79C231782}.Release|Any CPU.ActiveCfg = Release|Any CPU
		{F04E3395-B864-03E1-EEB5-01D79C231782}.Release|Any CPU.Build.0 = Release|Any CPU
		{FAD9FEAE-2983-FAEC-E98C-A863D8EC82E6}.Debug|Any CPU.ActiveCfg = Debug|Any CPU
		{FAD9FEAE-2983-FAEC-E98C-A863D8EC82E6}.Debug|Any CPU.Build.0 = Debug|Any CPU
		{FAD9FEAE-2983-FAEC-E98C-A863D8EC82E6}.Release|Any CPU.ActiveCfg = Release|Any CPU
		{FAD9FEAE-2983-FAEC-E98C-A863D8EC82E6}.Release|Any CPU.Build.0 = Release|Any CPU
		{45C48CBF-F322-8EB6-2C59-CAE1E7F82FC4}.Debug|Any CPU.ActiveCfg = Debug|Any CPU
		{45C48CBF-F322-8EB6-2C59-CAE1E7F82FC4}.Debug|Any CPU.Build.0 = Debug|Any CPU
		{45C48CBF-F322-8EB6-2C59-CAE1E7F82FC4}.Release|Any CPU.ActiveCfg = Release|Any CPU
		{45C48CBF-F322-8EB6-2C59-CAE1E7F82FC4}.Release|Any CPU.Build.0 = Release|Any CPU
	EndGlobalSection
	GlobalSection(SolutionProperties) = preSolution
		HideSolutionNode = FALSE
	EndGlobalSection
	GlobalSection(ExtensibilityGlobals) = postSolution
		SolutionGuid = {DB1FCFCB-1B74-4DF1-B6C1-65FD83939424}
	EndGlobalSection
EndGlobal
